// !$*UTF8*$!
{
	archiveVersion = 1;
	classes = {
	};
	objectVersion = 46;
	objects = {

/* Begin PBXBuildFile section */
		0A009E0A1C2FD12400D0BDF5 /* TimelineViewController.m in Sources */ = {isa = PBXBuildFile; fileRef = 0A009E081C2FD12400D0BDF5 /* TimelineViewController.m */; };
		0A009E0B1C2FD12400D0BDF5 /* TimelineViewController.xib in Resources */ = {isa = PBXBuildFile; fileRef = 0A009E091C2FD12400D0BDF5 /* TimelineViewController.xib */; };
		0AF2020B1C2E7024008589AA /* main.m in Sources */ = {isa = PBXBuildFile; fileRef = 0AF2020A1C2E7024008589AA /* main.m */; };
		0AF2020E1C2E7024008589AA /* AppDelegate.m in Sources */ = {isa = PBXBuildFile; fileRef = 0AF2020D1C2E7024008589AA /* AppDelegate.m */; };
		0AF202161C2E7024008589AA /* Assets.xcassets in Resources */ = {isa = PBXBuildFile; fileRef = 0AF202151C2E7024008589AA /* Assets.xcassets */; };
		0AF202191C2E7024008589AA /* LaunchScreen.storyboard in Resources */ = {isa = PBXBuildFile; fileRef = 0AF202171C2E7024008589AA /* LaunchScreen.storyboard */; };
		0AF202241C2E7024008589AA /* USNavAnimationTests.m in Sources */ = {isa = PBXBuildFile; fileRef = 0AF202231C2E7024008589AA /* USNavAnimationTests.m */; };
		0AF2022F1C2E7024008589AA /* USNavAnimationUITests.m in Sources */ = {isa = PBXBuildFile; fileRef = 0AF2022E1C2E7024008589AA /* USNavAnimationUITests.m */; };
		0AF2023F1C2E708F008589AA /* RootViewController.m in Sources */ = {isa = PBXBuildFile; fileRef = 0AF2023D1C2E708F008589AA /* RootViewController.m */; };
		0AF202401C2E708F008589AA /* RootViewController.xib in Resources */ = {isa = PBXBuildFile; fileRef = 0AF2023E1C2E708F008589AA /* RootViewController.xib */; };
		0AF202431C2E7124008589AA /* USNavDelegateHandler.m in Sources */ = {isa = PBXBuildFile; fileRef = 0AF202421C2E7124008589AA /* USNavDelegateHandler.m */; };
		0AF202471C2E7347008589AA /* DetailViewController.m in Sources */ = {isa = PBXBuildFile; fileRef = 0AF202451C2E7347008589AA /* DetailViewController.m */; };
		0AF202481C2E7347008589AA /* DetailViewController.xib in Resources */ = {isa = PBXBuildFile; fileRef = 0AF202461C2E7347008589AA /* DetailViewController.xib */; };
		0AF2024B1C2E73D2008589AA /* USViewController.m in Sources */ = {isa = PBXBuildFile; fileRef = 0AF2024A1C2E73D2008589AA /* USViewController.m */; };
		0AF202541C2E8076008589AA /* USTransitionAnimator.m in Sources */ = {isa = PBXBuildFile; fileRef = 0AF202531C2E8076008589AA /* USTransitionAnimator.m */; };
		0AF202571C2E8CA6008589AA /* UIView+AutoLayout.m in Sources */ = {isa = PBXBuildFile; fileRef = 0AF202561C2E8CA6008589AA /* UIView+AutoLayout.m */; };
/* End PBXBuildFile section */

/* Begin PBXContainerItemProxy section */
		0AF202201C2E7024008589AA /* PBXContainerItemProxy */ = {
			isa = PBXContainerItemProxy;
			containerPortal = 0AF201FE1C2E7023008589AA /* Project object */;
			proxyType = 1;
			remoteGlobalIDString = 0AF202051C2E7023008589AA;
			remoteInfo = USNavAnimation;
		};
		0AF2022B1C2E7024008589AA /* PBXContainerItemProxy */ = {
			isa = PBXContainerItemProxy;
			containerPortal = 0AF201FE1C2E7023008589AA /* Project object */;
			proxyType = 1;
			remoteGlobalIDString = 0AF202051C2E7023008589AA;
			remoteInfo = USNavAnimation;
		};
/* End PBXContainerItemProxy section */

/* Begin PBXFileReference section */
		0A009E071C2FD12400D0BDF5 /* TimelineViewController.h */ = {isa = PBXFileReference; fileEncoding = 4; lastKnownFileType = sourcecode.c.h; path = TimelineViewController.h; sourceTree = "<group>"; };
		0A009E081C2FD12400D0BDF5 /* TimelineViewController.m */ = {isa = PBXFileReference; fileEncoding = 4; lastKnownFileType = sourcecode.c.objc; path = TimelineViewController.m; sourceTree = "<group>"; };
		0A009E091C2FD12400D0BDF5 /* TimelineViewController.xib */ = {isa = PBXFileReference; fileEncoding = 4; lastKnownFileType = file.xib; path = TimelineViewController.xib; sourceTree = "<group>"; };
		0AF202061C2E7023008589AA /* USNavAnimation.app */ = {isa = PBXFileReference; explicitFileType = wrapper.application; includeInIndex = 0; path = USNavAnimation.app; sourceTree = BUILT_PRODUCTS_DIR; };
		0AF2020A1C2E7024008589AA /* main.m */ = {isa = PBXFileReference; lastKnownFileType = sourcecode.c.objc; path = main.m; sourceTree = "<group>"; };
		0AF2020C1C2E7024008589AA /* AppDelegate.h */ = {isa = PBXFileReference; lastKnownFileType = sourcecode.c.h; path = AppDelegate.h; sourceTree = "<group>"; };
		0AF2020D1C2E7024008589AA /* AppDelegate.m */ = {isa = PBXFileReference; lastKnownFileType = sourcecode.c.objc; path = AppDelegate.m; sourceTree = "<group>"; };
		0AF202151C2E7024008589AA /* Assets.xcassets */ = {isa = PBXFileReference; lastKnownFileType = folder.assetcatalog; path = Assets.xcassets; sourceTree = "<group>"; };
		0AF202181C2E7024008589AA /* Base */ = {isa = PBXFileReference; lastKnownFileType = file.storyboard; name = Base; path = Base.lproj/LaunchScreen.storyboard; sourceTree = "<group>"; };
		0AF2021A1C2E7024008589AA /* Info.plist */ = {isa = PBXFileReference; lastKnownFileType = text.plist.xml; path = Info.plist; sourceTree = "<group>"; };
		0AF2021F1C2E7024008589AA /* USNavAnimationTests.xctest */ = {isa = PBXFileReference; explicitFileType = wrapper.cfbundle; includeInIndex = 0; path = USNavAnimationTests.xctest; sourceTree = BUILT_PRODUCTS_DIR; };
		0AF202231C2E7024008589AA /* USNavAnimationTests.m */ = {isa = PBXFileReference; lastKnownFileType = sourcecode.c.objc; path = USNavAnimationTests.m; sourceTree = "<group>"; };
		0AF202251C2E7024008589AA /* Info.plist */ = {isa = PBXFileReference; lastKnownFileType = text.plist.xml; path = Info.plist; sourceTree = "<group>"; };
		0AF2022A1C2E7024008589AA /* USNavAnimationUITests.xctest */ = {isa = PBXFileReference; explicitFileType = wrapper.cfbundle; includeInIndex = 0; path = USNavAnimationUITests.xctest; sourceTree = BUILT_PRODUCTS_DIR; };
		0AF2022E1C2E7024008589AA /* USNavAnimationUITests.m */ = {isa = PBXFileReference; lastKnownFileType = sourcecode.c.objc; path = USNavAnimationUITests.m; sourceTree = "<group>"; };
		0AF202301C2E7024008589AA /* Info.plist */ = {isa = PBXFileReference; lastKnownFileType = text.plist.xml; path = Info.plist; sourceTree = "<group>"; };
		0AF2023C1C2E708F008589AA /* RootViewController.h */ = {isa = PBXFileReference; fileEncoding = 4; lastKnownFileType = sourcecode.c.h; path = RootViewController.h; sourceTree = "<group>"; };
		0AF2023D1C2E708F008589AA /* RootViewController.m */ = {isa = PBXFileReference; fileEncoding = 4; lastKnownFileType = sourcecode.c.objc; path = RootViewController.m; sourceTree = "<group>"; };
		0AF2023E1C2E708F008589AA /* RootViewController.xib */ = {isa = PBXFileReference; fileEncoding = 4; lastKnownFileType = file.xib; path = RootViewController.xib; sourceTree = "<group>"; };
		0AF202411C2E7124008589AA /* USNavDelegateHandler.h */ = {isa = PBXFileReference; fileEncoding = 4; lastKnownFileType = sourcecode.c.h; path = USNavDelegateHandler.h; sourceTree = "<group>"; };
		0AF202421C2E7124008589AA /* USNavDelegateHandler.m */ = {isa = PBXFileReference; fileEncoding = 4; lastKnownFileType = sourcecode.c.objc; path = USNavDelegateHandler.m; sourceTree = "<group>"; };
		0AF202441C2E7347008589AA /* DetailViewController.h */ = {isa = PBXFileReference; fileEncoding = 4; lastKnownFileType = sourcecode.c.h; path = DetailViewController.h; sourceTree = "<group>"; };
		0AF202451C2E7347008589AA /* DetailViewController.m */ = {isa = PBXFileReference; fileEncoding = 4; lastKnownFileType = sourcecode.c.objc; path = DetailViewController.m; sourceTree = "<group>"; };
		0AF202461C2E7347008589AA /* DetailViewController.xib */ = {isa = PBXFileReference; fileEncoding = 4; lastKnownFileType = file.xib; path = DetailViewController.xib; sourceTree = "<group>"; };
		0AF202491C2E73D2008589AA /* USViewController.h */ = {isa = PBXFileReference; fileEncoding = 4; lastKnownFileType = sourcecode.c.h; path = USViewController.h; sourceTree = "<group>"; };
		0AF2024A1C2E73D2008589AA /* USViewController.m */ = {isa = PBXFileReference; fileEncoding = 4; lastKnownFileType = sourcecode.c.objc; path = USViewController.m; sourceTree = "<group>"; };
		0AF202521C2E8076008589AA /* USTransitionAnimator.h */ = {isa = PBXFileReference; fileEncoding = 4; lastKnownFileType = sourcecode.c.h; path = USTransitionAnimator.h; sourceTree = "<group>"; };
		0AF202531C2E8076008589AA /* USTransitionAnimator.m */ = {isa = PBXFileReference; fileEncoding = 4; lastKnownFileType = sourcecode.c.objc; path = USTransitionAnimator.m; sourceTree = "<group>"; };
		0AF202551C2E8CA6008589AA /* UIView+AutoLayout.h */ = {isa = PBXFileReference; fileEncoding = 4; lastKnownFileType = sourcecode.c.h; path = "UIView+AutoLayout.h"; sourceTree = "<group>"; };
		0AF202561C2E8CA6008589AA /* UIView+AutoLayout.m */ = {isa = PBXFileReference; fileEncoding = 4; lastKnownFileType = sourcecode.c.objc; path = "UIView+AutoLayout.m"; sourceTree = "<group>"; };
/* End PBXFileReference section */

/* Begin PBXFrameworksBuildPhase section */
		0AF202031C2E7023008589AA /* Frameworks */ = {
			isa = PBXFrameworksBuildPhase;
			buildActionMask = 2147483647;
			files = (
			);
			runOnlyForDeploymentPostprocessing = 0;
		};
		0AF2021C1C2E7024008589AA /* Frameworks */ = {
			isa = PBXFrameworksBuildPhase;
			buildActionMask = 2147483647;
			files = (
			);
			runOnlyForDeploymentPostprocessing = 0;
		};
		0AF202271C2E7024008589AA /* Frameworks */ = {
			isa = PBXFrameworksBuildPhase;
			buildActionMask = 2147483647;
			files = (
			);
			runOnlyForDeploymentPostprocessing = 0;
		};
/* End PBXFrameworksBuildPhase section */

/* Begin PBXGroup section */
		0A009E0C1C2FD22F00D0BDF5 /* Classes */ = {
			isa = PBXGroup;
			children = (
				0AF2023C1C2E708F008589AA /* RootViewController.h */,
				0AF2023D1C2E708F008589AA /* RootViewController.m */,
				0AF2023E1C2E708F008589AA /* RootViewController.xib */,
				0AF202441C2E7347008589AA /* DetailViewController.h */,
				0AF202451C2E7347008589AA /* DetailViewController.m */,
				0AF202461C2E7347008589AA /* DetailViewController.xib */,
				0A009E071C2FD12400D0BDF5 /* TimelineViewController.h */,
				0A009E081C2FD12400D0BDF5 /* TimelineViewController.m */,
				0A009E091C2FD12400D0BDF5 /* TimelineViewController.xib */,
			);
			name = Classes;
			sourceTree = "<group>";
		};
		0AF201FD1C2E7023008589AA = {
			isa = PBXGroup;
			children = (
				0AF202081C2E7024008589AA /* USNavAnimation */,
				0AF202221C2E7024008589AA /* USNavAnimationTests */,
				0AF2022D1C2E7024008589AA /* USNavAnimationUITests */,
				0AF202071C2E7023008589AA /* Products */,
			);
			sourceTree = "<group>";
		};
		0AF202071C2E7023008589AA /* Products */ = {
			isa = PBXGroup;
			children = (
				0AF202061C2E7023008589AA /* USNavAnimation.app */,
				0AF2021F1C2E7024008589AA /* USNavAnimationTests.xctest */,
				0AF2022A1C2E7024008589AA /* USNavAnimationUITests.xctest */,
			);
			name = Products;
			sourceTree = "<group>";
		};
		0AF202081C2E7024008589AA /* USNavAnimation */ = {
			isa = PBXGroup;
			children = (
				0AF2020C1C2E7024008589AA /* AppDelegate.h */,
				0AF2020D1C2E7024008589AA /* AppDelegate.m */,
				0AF202491C2E73D2008589AA /* USViewController.h */,
				0AF2024A1C2E73D2008589AA /* USViewController.m */,
				0A009E0C1C2FD22F00D0BDF5 /* Classes */,
				0AF202551C2E8CA6008589AA /* UIView+AutoLayout.h */,
				0AF202561C2E8CA6008589AA /* UIView+AutoLayout.m */,
				0AF202521C2E8076008589AA /* USTransitionAnimator.h */,
				0AF202531C2E8076008589AA /* USTransitionAnimator.m */,
				0AF202411C2E7124008589AA /* USNavDelegateHandler.h */,
				0AF202421C2E7124008589AA /* USNavDelegateHandler.m */,
				0AF202151C2E7024008589AA /* Assets.xcassets */,
				0AF202171C2E7024008589AA /* LaunchScreen.storyboard */,
				0AF2021A1C2E7024008589AA /* Info.plist */,
				0AF202091C2E7024008589AA /* Supporting Files */,
			);
			path = USNavAnimation;
			sourceTree = "<group>";
		};
		0AF202091C2E7024008589AA /* Supporting Files */ = {
			isa = PBXGroup;
			children = (
				0AF2020A1C2E7024008589AA /* main.m */,
			);
			name = "Supporting Files";
			sourceTree = "<group>";
		};
		0AF202221C2E7024008589AA /* USNavAnimationTests */ = {
			isa = PBXGroup;
			children = (
				0AF202231C2E7024008589AA /* USNavAnimationTests.m */,
				0AF202251C2E7024008589AA /* Info.plist */,
			);
			path = USNavAnimationTests;
			sourceTree = "<group>";
		};
		0AF2022D1C2E7024008589AA /* USNavAnimationUITests */ = {
			isa = PBXGroup;
			children = (
				0AF2022E1C2E7024008589AA /* USNavAnimationUITests.m */,
				0AF202301C2E7024008589AA /* Info.plist */,
			);
			path = USNavAnimationUITests;
			sourceTree = "<group>";
		};
/* End PBXGroup section */

/* Begin PBXNativeTarget section */
		0AF202051C2E7023008589AA /* USNavAnimation */ = {
			isa = PBXNativeTarget;
			buildConfigurationList = 0AF202331C2E7024008589AA /* Build configuration list for PBXNativeTarget "USNavAnimation" */;
			buildPhases = (
				0AF202021C2E7023008589AA /* Sources */,
				0AF202031C2E7023008589AA /* Frameworks */,
				0AF202041C2E7023008589AA /* Resources */,
			);
			buildRules = (
			);
			dependencies = (
			);
			name = USNavAnimation;
			productName = USNavAnimation;
			productReference = 0AF202061C2E7023008589AA /* USNavAnimation.app */;
			productType = "com.apple.product-type.application";
		};
		0AF2021E1C2E7024008589AA /* USNavAnimationTests */ = {
			isa = PBXNativeTarget;
			buildConfigurationList = 0AF202361C2E7024008589AA /* Build configuration list for PBXNativeTarget "USNavAnimationTests" */;
			buildPhases = (
				0AF2021B1C2E7024008589AA /* Sources */,
				0AF2021C1C2E7024008589AA /* Frameworks */,
				0AF2021D1C2E7024008589AA /* Resources */,
			);
			buildRules = (
			);
			dependencies = (
				0AF202211C2E7024008589AA /* PBXTargetDependency */,
			);
			name = USNavAnimationTests;
			productName = USNavAnimationTests;
			productReference = 0AF2021F1C2E7024008589AA /* USNavAnimationTests.xctest */;
			productType = "com.apple.product-type.bundle.unit-test";
		};
		0AF202291C2E7024008589AA /* USNavAnimationUITests */ = {
			isa = PBXNativeTarget;
			buildConfigurationList = 0AF202391C2E7024008589AA /* Build configuration list for PBXNativeTarget "USNavAnimationUITests" */;
			buildPhases = (
				0AF202261C2E7024008589AA /* Sources */,
				0AF202271C2E7024008589AA /* Frameworks */,
				0AF202281C2E7024008589AA /* Resources */,
			);
			buildRules = (
			);
			dependencies = (
				0AF2022C1C2E7024008589AA /* PBXTargetDependency */,
			);
			name = USNavAnimationUITests;
			productName = USNavAnimationUITests;
			productReference = 0AF2022A1C2E7024008589AA /* USNavAnimationUITests.xctest */;
			productType = "com.apple.product-type.bundle.ui-testing";
		};
/* End PBXNativeTarget section */

/* Begin PBXProject section */
		0AF201FE1C2E7023008589AA /* Project object */ = {
			isa = PBXProject;
			attributes = {
				LastUpgradeCheck = 0720;
				ORGANIZATIONNAME = MaRuJun;
				TargetAttributes = {
					0AF202051C2E7023008589AA = {
						CreatedOnToolsVersion = 7.2;
					};
					0AF2021E1C2E7024008589AA = {
						CreatedOnToolsVersion = 7.2;
						TestTargetID = 0AF202051C2E7023008589AA;
					};
					0AF202291C2E7024008589AA = {
						CreatedOnToolsVersion = 7.2;
						TestTargetID = 0AF202051C2E7023008589AA;
					};
				};
			};
			buildConfigurationList = 0AF202011C2E7023008589AA /* Build configuration list for PBXProject "USNavAnimation" */;
			compatibilityVersion = "Xcode 3.2";
			developmentRegion = English;
			hasScannedForEncodings = 0;
			knownRegions = (
				en,
				Base,
			);
			mainGroup = 0AF201FD1C2E7023008589AA;
			productRefGroup = 0AF202071C2E7023008589AA /* Products */;
			projectDirPath = "";
			projectRoot = "";
			targets = (
				0AF202051C2E7023008589AA /* USNavAnimation */,
				0AF2021E1C2E7024008589AA /* USNavAnimationTests */,
				0AF202291C2E7024008589AA /* USNavAnimationUITests */,
			);
		};
/* End PBXProject section */

/* Begin PBXResourcesBuildPhase section */
		0AF202041C2E7023008589AA /* Resources */ = {
			isa = PBXResourcesBuildPhase;
			buildActionMask = 2147483647;
			files = (
				0AF202191C2E7024008589AA /* LaunchScreen.storyboard in Resources */,
				0AF202161C2E7024008589AA /* Assets.xcassets in Resources */,
				0A009E0B1C2FD12400D0BDF5 /* TimelineViewController.xib in Resources */,
				0AF202401C2E708F008589AA /* RootViewController.xib in Resources */,
				0AF202481C2E7347008589AA /* DetailViewController.xib in Resources */,
			);
			runOnlyForDeploymentPostprocessing = 0;
		};
		0AF2021D1C2E7024008589AA /* Resources */ = {
			isa = PBXResourcesBuildPhase;
			buildActionMask = 2147483647;
			files = (
			);
			runOnlyForDeploymentPostprocessing = 0;
		};
		0AF202281C2E7024008589AA /* Resources */ = {
			isa = PBXResourcesBuildPhase;
			buildActionMask = 2147483647;
			files = (
			);
			runOnlyForDeploymentPostprocessing = 0;
		};
/* End PBXResourcesBuildPhase section */

/* Begin PBXSourcesBuildPhase section */
		0AF202021C2E7023008589AA /* Sources */ = {
			isa = PBXSourcesBuildPhase;
			buildActionMask = 2147483647;
			files = (
				0AF202431C2E7124008589AA /* USNavDelegateHandler.m in Sources */,
				0AF202571C2E8CA6008589AA /* UIView+AutoLayout.m in Sources */,
				0A009E0A1C2FD12400D0BDF5 /* TimelineViewController.m in Sources */,
				0AF2020E1C2E7024008589AA /* AppDelegate.m in Sources */,
				0AF2023F1C2E708F008589AA /* RootViewController.m in Sources */,
				0AF202471C2E7347008589AA /* DetailViewController.m in Sources */,
				0AF202541C2E8076008589AA /* USTransitionAnimator.m in Sources */,
				0AF2024B1C2E73D2008589AA /* USViewController.m in Sources */,
				0AF2020B1C2E7024008589AA /* main.m in Sources */,
			);
			runOnlyForDeploymentPostprocessing = 0;
		};
		0AF2021B1C2E7024008589AA /* Sources */ = {
			isa = PBXSourcesBuildPhase;
			buildActionMask = 2147483647;
			files = (
				0AF202241C2E7024008589AA /* USNavAnimationTests.m in Sources */,
			);
			runOnlyForDeploymentPostprocessing = 0;
		};
		0AF202261C2E7024008589AA /* Sources */ = {
			isa = PBXSourcesBuildPhase;
			buildActionMask = 2147483647;
			files = (
				0AF2022F1C2E7024008589AA /* USNavAnimationUITests.m in Sources */,
			);
			runOnlyForDeploymentPostprocessing = 0;
		};
/* End PBXSourcesBuildPhase section */

/* Begin PBXTargetDependency section */
		0AF202211C2E7024008589AA /* PBXTargetDependency */ = {
			isa = PBXTargetDependency;
			target = 0AF202051C2E7023008589AA /* USNavAnimation */;
			targetProxy = 0AF202201C2E7024008589AA /* PBXContainerItemProxy */;
		};
		0AF2022C1C2E7024008589AA /* PBXTargetDependency */ = {
			isa = PBXTargetDependency;
			target = 0AF202051C2E7023008589AA /* USNavAnimation */;
			targetProxy = 0AF2022B1C2E7024008589AA /* PBXContainerItemProxy */;
		};
/* End PBXTargetDependency section */

/* Begin PBXVariantGroup section */
		0AF202171C2E7024008589AA /* LaunchScreen.storyboard */ = {
			isa = PBXVariantGroup;
			children = (
				0AF202181C2E7024008589AA /* Base */,
			);
			name = LaunchScreen.storyboard;
			sourceTree = "<group>";
		};
/* End PBXVariantGroup section */

/* Begin XCBuildConfiguration section */
		0AF202311C2E7024008589AA /* Debug */ = {
			isa = XCBuildConfiguration;
			buildSettings = {
				ALWAYS_SEARCH_USER_PATHS = NO;
				CLANG_CXX_LANGUAGE_STANDARD = "gnu++0x";
				CLANG_CXX_LIBRARY = "libc++";
				CLANG_ENABLE_MODULES = YES;
				CLANG_ENABLE_OBJC_ARC = YES;
				CLANG_WARN_BOOL_CONVERSION = YES;
				CLANG_WARN_CONSTANT_CONVERSION = YES;
				CLANG_WARN_DIRECT_OBJC_ISA_USAGE = YES_ERROR;
				CLANG_WARN_EMPTY_BODY = YES;
				CLANG_WARN_ENUM_CONVERSION = YES;
				CLANG_WARN_INT_CONVERSION = YES;
				CLANG_WARN_OBJC_ROOT_CLASS = YES_ERROR;
				CLANG_WARN_UNREACHABLE_CODE = YES;
				CLANG_WARN__DUPLICATE_METHOD_MATCH = YES;
				"CODE_SIGN_IDENTITY[sdk=iphoneos*]" = "iPhone Developer";
				COPY_PHASE_STRIP = NO;
				DEBUG_INFORMATION_FORMAT = dwarf;
				ENABLE_STRICT_OBJC_MSGSEND = YES;
				ENABLE_TESTABILITY = YES;
				GCC_C_LANGUAGE_STANDARD = gnu99;
				GCC_DYNAMIC_NO_PIC = NO;
				GCC_NO_COMMON_BLOCKS = YES;
				GCC_OPTIMIZATION_LEVEL = 0;
				GCC_PREPROCESSOR_DEFINITIONS = (
					"DEBUG=1",
					"$(inherited)",
				);
				GCC_WARN_64_TO_32_BIT_CONVERSION = YES;
				GCC_WARN_ABOUT_RETURN_TYPE = YES_ERROR;
				GCC_WARN_UNDECLARED_SELECTOR = YES;
				GCC_WARN_UNINITIALIZED_AUTOS = YES_AGGRESSIVE;
				GCC_WARN_UNUSED_FUNCTION = YES;
				GCC_WARN_UNUSED_VARIABLE = YES;
				IPHONEOS_DEPLOYMENT_TARGET = 9.2;
				MTL_ENABLE_DEBUG_INFO = YES;
				ONLY_ACTIVE_ARCH = YES;
				SDKROOT = iphoneos;
			};
			name = Debug;
		};
		0AF202321C2E7024008589AA /* Release */ = {
			isa = XCBuildConfiguration;
			buildSettings = {
				ALWAYS_SEARCH_USER_PATHS = NO;
				CLANG_CXX_LANGUAGE_STANDARD = "gnu++0x";
				CLANG_CXX_LIBRARY = "libc++";
				CLANG_ENABLE_MODULES = YES;
				CLANG_ENABLE_OBJC_ARC = YES;
				CLANG_WARN_BOOL_CONVERSION = YES;
				CLANG_WARN_CONSTANT_CONVERSION = YES;
				CLANG_WARN_DIRECT_OBJC_ISA_USAGE = YES_ERROR;
				CLANG_WARN_EMPTY_BODY = YES;
				CLANG_WARN_ENUM_CONVERSION = YES;
				CLANG_WARN_INT_CONVERSION = YES;
				CLANG_WARN_OBJC_ROOT_CLASS = YES_ERROR;
				CLANG_WARN_UNREACHABLE_CODE = YES;
				CLANG_WARN__DUPLICATE_METHOD_MATCH = YES;
				"CODE_SIGN_IDENTITY[sdk=iphoneos*]" = "iPhone Developer";
				COPY_PHASE_STRIP = NO;
				DEBUG_INFORMATION_FORMAT = "dwarf-with-dsym";
				ENABLE_NS_ASSERTIONS = NO;
				ENABLE_STRICT_OBJC_MSGSEND = YES;
				GCC_C_LANGUAGE_STANDARD = gnu99;
				GCC_NO_COMMON_BLOCKS = YES;
				GCC_WARN_64_TO_32_BIT_CONVERSION = YES;
				GCC_WARN_ABOUT_RETURN_TYPE = YES_ERROR;
				GCC_WARN_UNDECLARED_SELECTOR = YES;
				GCC_WARN_UNINITIALIZED_AUTOS = YES_AGGRESSIVE;
				GCC_WARN_UNUSED_FUNCTION = YES;
				GCC_WARN_UNUSED_VARIABLE = YES;
				IPHONEOS_DEPLOYMENT_TARGET = 9.2;
				MTL_ENABLE_DEBUG_INFO = NO;
				SDKROOT = iphoneos;
				VALIDATE_PRODUCT = YES;
			};
			name = Release;
		};
		0AF202341C2E7024008589AA /* Debug */ = {
			isa = XCBuildConfiguration;
			buildSettings = {
				ASSETCATALOG_COMPILER_APPICON_NAME = AppIcon;
				INFOPLIST_FILE = USNavAnimation/Info.plist;
				IPHONEOS_DEPLOYMENT_TARGET = 7.0;
				LD_RUNPATH_SEARCH_PATHS = "$(inherited) @executable_path/Frameworks";
				PRODUCT_BUNDLE_IDENTIFIER = MaRuJun.USNavAnimation;
				PRODUCT_NAME = "$(TARGET_NAME)";
			};
			name = Debug;
		};
		0AF202351C2E7024008589AA /* Release */ = {
			isa = XCBuildConfiguration;
			buildSettings = {
				ASSETCATALOG_COMPILER_APPICON_NAME = AppIcon;
				INFOPLIST_FILE = USNavAnimation/Info.plist;
				IPHONEOS_DEPLOYMENT_TARGET = 7.0;
				LD_RUNPATH_SEARCH_PATHS = "$(inherited) @executable_path/Frameworks";
				PRODUCT_BUNDLE_IDENTIFIER = MaRuJun.USNavAnimation;
				PRODUCT_NAME = "$(TARGET_NAME)";
			};
			name = Release;
		};
		0AF202371C2E7024008589AA /* Debug */ = {
			isa = XCBuildConfiguration;
			buildSettings = {
				BUNDLE_LOADER = "$(TEST_HOST)";
				INFOPLIST_FILE = USNavAnimationTests/Info.plist;
				LD_RUNPATH_SEARCH_PATHS = "$(inherited) @executable_path/Frameworks @loader_path/Frameworks";
				PRODUCT_BUNDLE_IDENTIFIER = MaRuJun.USNavAnimationTests;
				PRODUCT_NAME = "$(TARGET_NAME)";
				TEST_HOST = "$(BUILT_PRODUCTS_DIR)/USNavAnimation.app/USNavAnimation";
			};
			name = Debug;
		};
		0AF202381C2E7024008589AA /* Release */ = {
			isa = XCBuildConfiguration;
			buildSettings = {
				BUNDLE_LOADER = "$(TEST_HOST)";
				INFOPLIST_FILE = USNavAnimationTests/Info.plist;
				LD_RUNPATH_SEARCH_PATHS = "$(inherited) @executable_path/Frameworks @loader_path/Frameworks";
				PRODUCT_BUNDLE_IDENTIFIER = MaRuJun.USNavAnimationTests;
				PRODUCT_NAME = "$(TARGET_NAME)";
				TEST_HOST = "$(BUILT_PRODUCTS_DIR)/USNavAnimation.app/USNavAnimation";
			};
			name = Release;
		};
		0AF2023A1C2E7024008589AA /* Debug */ = {
			isa = XCBuildConfiguration;
			buildSettings = {
				INFOPLIST_FILE = USNavAnimationUITests/Info.plist;
				LD_RUNPATH_SEARCH_PATHS = "$(inherited) @executable_path/Frameworks @loader_path/Frameworks";
				PRODUCT_BUNDLE_IDENTIFIER = MaRuJun.USNavAnimationUITests;
				PRODUCT_NAME = "$(TARGET_NAME)";
				TEST_TARGET_NAME = USNavAnimation;
				USES_XCTRUNNER = YES;
			};
			name = Debug;
		};
		0AF2023B1C2E7024008589AA /* Release */ = {
			isa = XCBuildConfiguration;
			buildSettings = {
				INFOPLIST_FILE = USNavAnimationUITests/Info.plist;
				LD_RUNPATH_SEARCH_PATHS = "$(inherited) @executable_path/Frameworks @loader_path/Frameworks";
				PRODUCT_BUNDLE_IDENTIFIER = MaRuJun.USNavAnimationUITests;
				PRODUCT_NAME = "$(TARGET_NAME)";
				TEST_TARGET_NAME = USNavAnimation;
				USES_XCTRUNNER = YES;
			};
			name = Release;
		};
/* End XCBuildConfiguration section */

/* Begin XCConfigurationList section */
		0AF202011C2E7023008589AA /* Build configuration list for PBXProject "USNavAnimation" */ = {
			isa = XCConfigurationList;
			buildConfigurations = (
				0AF202311C2E7024008589AA /* Debug */,
				0AF202321C2E7024008589AA /* Release */,
			);
			defaultConfigurationIsVisible = 0;
			defaultConfigurationName = Release;
		};
		0AF202331C2E7024008589AA /* Build configuration list for PBXNativeTarget "USNavAnimation" */ = {
			isa = XCConfigurationList;
			buildConfigurations = (
				0AF202341C2E7024008589AA /* Debug */,
				0AF202351C2E7024008589AA /* Release */,
			);
			defaultConfigurationIsVisible = 0;
			defaultConfigurationName = Release;
		};
		0AF202361C2E7024008589AA /* Build configuration list for PBXNativeTarget "USNavAnimationTests" */ = {
			isa = XCConfigurationList;
			buildConfigurations = (
				0AF202371C2E7024008589AA /* Debug */,
				0AF202381C2E7024008589AA /* Release */,
			);
			defaultConfigurationIsVisible = 0;
			defaultConfigurationName = Release;
		};
		0AF202391C2E7024008589AA /* Build configuration list for PBXNativeTarget "USNavAnimationUITests" */ = {
			isa = XCConfigurationList;
			buildConfigurations = (
				0AF2023A1C2E7024008589AA /* Debug */,
				0AF2023B1C2E7024008589AA /* Release */,
			);
			defaultConfigurationIsVisible = 0;
			defaultConfigurationName = Release;
		};
/* End XCConfigurationList section */
	};
	rootObject = 0AF201FE1C2E7023008589AA /* Project object */;
}
